
Microsoft Visual Studio Solution File, Format Version 12.00
# Visual Studio Version 17
VisualStudioVersion = 17.14.36408.4 d17.14
MinimumVisualStudioVersion = 10.0.40219.1
Project("{FAE04EC0-301F-11D3-BF4B-00C04F79EFBC}") = "DroneDeliveryAPI", "DroneDeliveryAPI\DroneDeliveryAPI.csproj", "{6BB3941B-E1DF-400A-B90A-0A70CA6C5B83}"
EndProject
Global
	GlobalSection(SolutionConfigurationPlatforms) = preSolution
		Debug|Any CPU = Debug|Any CPU
		Release|Any CPU = Release|Any CPU
	EndGlobalSection
	GlobalSection(ProjectConfigurationPlatforms) = postSolution
		{6BB3941B-E1DF-400A-B90A-0A70CA6C5B83}.Debug|Any CPU.ActiveCfg = Debug|Any CPU
		{6BB3941B-E1DF-400A-B90A-0A70CA6C5B83}.Debug|Any CPU.Build.0 = Debug|Any CPU
		{6BB3941B-E1DF-400A-B90A-0A70CA6C5B83}.Release|Any CPU.ActiveCfg = Release|Any CPU
		{6BB3941B-E1DF-400A-B90A-0A70CA6C5B83}.Release|Any CPU.Build.0 = Release|Any CPU
	EndGlobalSection
	GlobalSection(SolutionProperties) = preSolution
		HideSolutionNode = FALSE
	EndGlobalSection
	GlobalSection(ExtensibilityGlobals) = postSolution
		SolutionGuid = {06AACD8F-4FE0-4D9F-9702-CB46699E0600}
	EndGlobalSection
EndGlobal
